
Microsoft Visual Studio Solution File, Format Version 12.00
# Visual Studio 2012
Project("{FAE04EC0-301F-11D3-BF4B-00C04F79EFBC}") = "Pn532Test", "Pn532Test\Pn532Test.csproj", "{BD23BACA-ADAB-4249-9390-2A4A9D66E72D}"
EndProject
Global
	GlobalSection(SolutionConfigurationPlatforms) = preSolution
		Debug|Any CPU = Debug|Any CPU
		Release|Any CPU = Release|Any CPU
	EndGlobalSection
	GlobalSection(ProjectConfigurationPlatforms) = postSolution
		{BD23BACA-ADAB-4249-9390-2A4A9D66E72D}.Debug|Any CPU.ActiveCfg = Debug|Any CPU
		{BD23BACA-ADAB-4249-9390-2A4A9D66E72D}.Debug|Any CPU.Build.0 = Debug|Any CPU
		{BD23BACA-ADAB-4249-9390-2A4A9D66E72D}.Debug|Any CPU.Deploy.0 = Debug|Any CPU
		{BD23BACA-ADAB-4249-9390-2A4A9D66E72D}.Release|Any CPU.ActiveCfg = Release|Any CPU
		{BD23BACA-ADAB-4249-9390-2A4A9D66E72D}.Release|Any CPU.Build.0 = Release|Any CPU
		{BD23BACA-ADAB-4249-9390-2A4A9D66E72D}.Release|Any CPU.Deploy.0 = Release|Any CPU
	EndGlobalSection
	GlobalSection(SolutionProperties) = preSolution
		HideSolutionNode = FALSE
	EndGlobalSection
EndGlobal
